{
  "name": "deream",
  "version": "0.0.2",
  "lockfileVersion": 1,
  "dependencies": {
    "@types/lodash": {
      "version": "4.14.70",
      "resolved": "https://registry.npmjs.org/@types/lodash/-/lodash-4.14.70.tgz",
      "integrity": "sha512-uvDjWW3m7SFUhSpohfQvj32gRsVgRxA0Z0OfMJh8m/JuX4YJLHeEwRBuHJgvNgTAVBpJDFKVFeyrREuMwkE9Qw==",
      "dev": true
    },
    "@types/lodash.times": {
      "version": "4.3.2",
      "resolved": "https://registry.npmjs.org/@types/lodash.times/-/lodash.times-4.3.2.tgz",
      "integrity": "sha1-FSZHe1OvF11tCroW98cIIYXXckM=",
      "dev": true
    },
    "@types/mz": {
      "version": "0.0.31",
      "resolved": "https://registry.npmjs.org/@types/mz/-/mz-0.0.31.tgz",
      "integrity": "sha1-pNgMCC/v5x5Ap8DwfR5lVbu8e1I=",
      "dev": true
    },
    "@types/node": {
      "version": "8.0.14",
      "resolved": "https://registry.npmjs.org/@types/node/-/node-8.0.14.tgz",
      "integrity": "sha512-lrtgE/5FeTdcuxgsDbLUIFJ33dTp4TkbKkTDZt/ueUMeqmGYqJRQd908q5Yj9EzzWSMonEhMr1q/CQlgVGEt4w==",
      "dev": true
    },
    "any-promise": {
      "version": "1.3.0",
      "resolved": "https://registry.npmjs.org/any-promise/-/any-promise-1.3.0.tgz",
      "integrity": "sha1-q8av7tzqUugJzcA3au0845Y10X8="
    },
    "arraybuffer-to-buffer": {
      "version": "0.0.4",
      "resolved": "https://registry.npmjs.org/arraybuffer-to-buffer/-/arraybuffer-to-buffer-0.0.4.tgz",
      "integrity": "sha1-LD+Oj01UNipcYWVJbyEXb3/ZZqY="
    },
    "audiobuffer-to-wav": {
      "version": "1.0.0",
      "resolved": "https://registry.npmjs.org/audiobuffer-to-wav/-/audiobuffer-to-wav-1.0.0.tgz",
      "integrity": "sha1-1bQyJxRV5/7laxEc0PjWINf54QU="
    },
    "duplexer3": {
      "version": "0.1.4",
      "resolved": "https://registry.npmjs.org/duplexer3/-/duplexer3-0.1.4.tgz",
      "integrity": "sha1-7gHdHKwO08vH/b6jfcCo8c4ALOI="
    },
    "electron-canvas-to-buffer": {
      "version": "2.0.0",
      "resolved": "https://registry.npmjs.org/electron-canvas-to-buffer/-/electron-canvas-to-buffer-2.0.0.tgz",
      "integrity": "sha1-2pLNc0LkezsN3io655l45aB2FoE="
    },
    "lodash.times": {
      "version": "4.3.2",
      "resolved": "https://registry.npmjs.org/lodash.times/-/lodash.times-4.3.2.tgz",
      "integrity": "sha1-Ph8lZcQxdU1Uq1fy7RdBk5KFyh0="
    },
    "mz": {
      "version": "2.6.0",
      "resolved": "https://registry.npmjs.org/mz/-/mz-2.6.0.tgz",
      "integrity": "sha1-yLhSHZWN8KTydoAl22nHGe5O8c4="
    },
    "object-assign": {
      "version": "4.1.1",
      "resolved": "https://registry.npmjs.org/object-assign/-/object-assign-4.1.1.tgz",
      "integrity": "sha1-IQmtx5ZYh8/AXLvUQsrIv7s2CGM="
    },
    "thenify": {
      "version": "3.3.0",
      "resolved": "https://registry.npmjs.org/thenify/-/thenify-3.3.0.tgz",
      "integrity": "sha1-5p44obq+lpsBCCB5eLn2K4hgSDk="
    },
    "thenify-all": {
      "version": "1.6.0",
      "resolved": "https://registry.npmjs.org/thenify-all/-/thenify-all-1.6.0.tgz",
      "integrity": "sha1-GhkY1ALY/D+Y+/I02wvMjMEOlyY="
    }
  }
}
