# THIS IS AN AUTOGENERATED FILE. DO NOT EDIT THIS FILE DIRECTLY.
# yarn lockfile v1


"@types/three@*":
  version "0.84.20"
  resolved "https://registry.yarnpkg.com/@types/three/-/three-0.84.20.tgz#1c47dc40f3964b9832036b77837f19e9a6130bba"
  dependencies:
    "@types/webvr-api" "*"

"@types/webvr-api@*":
  version "0.0.31"
  resolved "https://registry.yarnpkg.com/@types/webvr-api/-/webvr-api-0.0.31.tgz#f6061fe88a035d34a8b6a0c55f8758901ec8a08e"

ammo.js@^0.0.10:
  version "0.0.10"
  resolved "https://registry.yarnpkg.com/ammo.js/-/ammo.js-0.0.10.tgz#afd16e7186dd3cf784374464f3a4e58f37776950"

mmd-parser@^1.0.3:
  version "1.0.3"
  resolved "https://registry.yarnpkg.com/mmd-parser/-/mmd-parser-1.0.3.tgz#7e4e475d076729e592c3e6bbe9298d7b841ed3ed"

three-mmd-loader@0.0.11:
  version "0.0.11"
  resolved "https://registry.yarnpkg.com/three-mmd-loader/-/three-mmd-loader-0.0.11.tgz#bfd92243454718ba5048cf6bda92f835d8f0d565"
  dependencies:
    "@types/three" "*"
    ammo.js "^0.0.10"
    mmd-parser "^1.0.3"

three@0.87.1:
  version "0.87.1"
  resolved "https://registry.yarnpkg.com/three/-/three-0.87.1.tgz#466a34edc4543459ced9b9d7d276b65216fe2ba8"
