# THIS IS AN AUTOGENERATED FILE. DO NOT EDIT THIS FILE DIRECTLY.
# yarn lockfile v1


"@types/bson@^1.0.2":
  version "1.0.2"
  resolved "https://registry.yarnpkg.com/@types/bson/-/bson-1.0.2.tgz#4ad9d8e5c587fdbe2bc41bdcf0a4372caa707e50"
  dependencies:
    "@types/node" "*"

"@types/lodash@^4.14.62":
  version "4.14.62"
  resolved "https://registry.yarnpkg.com/@types/lodash/-/lodash-4.14.62.tgz#8674f9861582148a60b7a89cb260f11378d11683"

"@types/node@*":
  version "7.0.12"
  resolved "https://registry.yarnpkg.com/@types/node/-/node-7.0.12.tgz#ae5f67a19c15f752148004db07cbbb372e69efc9"

"@types/semver@^5.3.31":
  version "5.3.31"
  resolved "https://registry.yarnpkg.com/@types/semver/-/semver-5.3.31.tgz#b999d7d935f43f5207b01b00d3de20852f4ca75f"

"@types/uuid@^2.0.29":
  version "2.0.29"
  resolved "https://registry.yarnpkg.com/@types/uuid/-/uuid-2.0.29.tgz#939a198ab73567f811ab84f670d2be9c25addd41"
  dependencies:
    "@types/node" "*"
